
Microsoft Visual Studio Solution File, Format Version 12.00
# Visual Studio 15
VisualStudioVersion = 15.0.28307.271
MinimumVisualStudioVersion = 10.0.40219.1
Project("{FAE04EC0-301F-11D3-BF4B-00C04F79EFBC}") = "MinesweeperApp", "MinesweeperApp\MinesweeperApp.csproj", "{4C7CC9A6-F661-46FB-87C5-1987329DB701}"
EndProject
Project("{FAE04EC0-301F-11D3-BF4B-00C04F79EFBC}") = "MinesweeperApp.Library", "MinesweeperApp.Library\MinesweeperApp.Library.csproj", "{30311FA9-29E4-41C4-BA06-C8CD6D2B86FA}"
EndProject
Global
	GlobalSection(SolutionConfigurationPlatforms) = preSolution
		Debug|Any CPU = Debug|Any CPU
		Release|Any CPU = Release|Any CPU
	EndGlobalSection
	GlobalSection(ProjectConfigurationPlatforms) = postSolution
		{4C7CC9A6-F661-46FB-87C5-1987329DB701}.Debug|Any CPU.ActiveCfg = Debug|Any CPU
		{4C7CC9A6-F661-46FB-87C5-1987329DB701}.Debug|Any CPU.Build.0 = Debug|Any CPU
		{4C7CC9A6-F661-46FB-87C5-1987329DB701}.Release|Any CPU.ActiveCfg = Release|Any CPU
		{4C7CC9A6-F661-46FB-87C5-1987329DB701}.Release|Any CPU.Build.0 = Release|Any CPU
		{30311FA9-29E4-41C4-BA06-C8CD6D2B86FA}.Debug|Any CPU.ActiveCfg = Debug|Any CPU
		{30311FA9-29E4-41C4-BA06-C8CD6D2B86FA}.Debug|Any CPU.Build.0 = Debug|Any CPU
		{30311FA9-29E4-41C4-BA06-C8CD6D2B86FA}.Release|Any CPU.ActiveCfg = Release|Any CPU
		{30311FA9-29E4-41C4-BA06-C8CD6D2B86FA}.Release|Any CPU.Build.0 = Release|Any CPU
	EndGlobalSection
	GlobalSection(SolutionProperties) = preSolution
		HideSolutionNode = FALSE
	EndGlobalSection
	GlobalSection(ExtensibilityGlobals) = postSolution
		SolutionGuid = {4343FD40-1AC8-4FC9-AB06-A9072D32E98E}
	EndGlobalSection
EndGlobal
